
Microsoft Visual Studio Solution File, Format Version 12.00
# Visual Studio Version 17
VisualStudioVersion = 17.5.33530.505
MinimumVisualStudioVersion = 10.0.40219.1
Project("{FAE04EC0-301F-11D3-BF4B-00C04F79EFBC}") = "ChallengeProfessor", "ChallengeProfessor\ChallengeProfessor.csproj", "{03A64ED4-C557-4393-AEF3-B29DD127321F}"
EndProject
Global
	GlobalSection(SolutionConfigurationPlatforms) = preSolution
		Debug|Any CPU = Debug|Any CPU
		Release|Any CPU = Release|Any CPU
	EndGlobalSection
	GlobalSection(ProjectConfigurationPlatforms) = postSolution
		{03A64ED4-C557-4393-AEF3-B29DD127321F}.Debug|Any CPU.ActiveCfg = Debug|Any CPU
		{03A64ED4-C557-4393-AEF3-B29DD127321F}.Debug|Any CPU.Build.0 = Debug|Any CPU
		{03A64ED4-C557-4393-AEF3-B29DD127321F}.Release|Any CPU.ActiveCfg = Release|Any CPU
		{03A64ED4-C557-4393-AEF3-B29DD127321F}.Release|Any CPU.Build.0 = Release|Any CPU
	EndGlobalSection
	GlobalSection(SolutionProperties) = preSolution
		HideSolutionNode = FALSE
	EndGlobalSection
	GlobalSection(ExtensibilityGlobals) = postSolution
		SolutionGuid = {8051AC54-A44B-4C3E-8E92-177B2961C5CA}
	EndGlobalSection
EndGlobal
